Microsoft Visual Studio Solution File, Format Version 12.00
# Visual Studio Version 17
VisualStudioVersion = 17.5.2.0
MinimumVisualStudioVersion = 10.0.40219.1
Project("{2150E333-8FDC-42A3-9474-1A3956D46DE8}") = "tests", "tests", "{0AB3BF05-4346-4AA6-1389-037BE0695223}"
EndProject
Project("{2150E333-8FDC-42A3-9474-1A3956D46DE8}") = "src", "src", "{827E0CD3-B72D-47B6-A68D-7590B98EB39B}"
EndProject
Project("{FAE04EC0-301F-11D3-BF4B-00C04F79EFBC}") = "GlobalUsing.Tests", "tests\GlobalUsing.Tests\GlobalUsing.Tests.csproj", "{D1AD4736-1EF1-12EE-BD20-92243D24A28E}"
EndProject
Project("{FAE04EC0-301F-11D3-BF4B-00C04F79EFBC}") = "GlobalUsing.Core", "src\GlobalUsing.Core\GlobalUsing.Core.csproj", "{143E6027-D8A9-0C5C-13D1-7D19F27BA7C7}"
EndProject
Project("{FAE04EC0-301F-11D3-BF4B-00C04F79EFBC}") = "GlobalUsing.Analysis", "src\GlobalUsing.Analysis\GlobalUsing.Analysis.csproj", "{03D8BFE9-086A-C554-C751-0C9DA2D790CA}"
EndProject
Project("{FAE04EC0-301F-11D3-BF4B-00C04F79EFBC}") = "GlobalUsing.Cli", "src\GlobalUsing.Cli\GlobalUsing.Cli.csproj", "{B1F8C78E-7410-55C4-72A8-4E09C2FA3C14}"
EndProject
Project("{FAE04EC0-301F-11D3-BF4B-00C04F79EFBC}") = "GlobalUsing.Infrastructure", "src\GlobalUsing.Infrastructure\GlobalUsing.Infrastructure.csproj", "{95845A59-32AB-166B-9AB0-5B03C7B0FB43}"
EndProject
Project("{FAE04EC0-301F-11D3-BF4B-00C04F79EFBC}") = "GlobalUsing.Roslyn", "src\GlobalUsing.Roslyn\GlobalUsing.Roslyn.csproj", "{86CBD45C-9DD8-771F-7E9A-B0EC89EBCC29}"
EndProject
Global
	GlobalSection(SolutionConfigurationPlatforms) = preSolution
		Debug|Any CPU = Debug|Any CPU
		Release|Any CPU = Release|Any CPU
	EndGlobalSection
	GlobalSection(ProjectConfigurationPlatforms) = postSolution
		{D1AD4736-1EF1-12EE-BD20-92243D24A28E}.Debug|Any CPU.ActiveCfg = Debug|Any CPU
		{D1AD4736-1EF1-12EE-BD20-92243D24A28E}.Debug|Any CPU.Build.0 = Debug|Any CPU
		{D1AD4736-1EF1-12EE-BD20-92243D24A28E}.Release|Any CPU.ActiveCfg = Release|Any CPU
		{D1AD4736-1EF1-12EE-BD20-92243D24A28E}.Release|Any CPU.Build.0 = Release|Any CPU
		{143E6027-D8A9-0C5C-13D1-7D19F27BA7C7}.Debug|Any CPU.ActiveCfg = Debug|Any CPU
		{143E6027-D8A9-0C5C-13D1-7D19F27BA7C7}.Debug|Any CPU.Build.0 = Debug|Any CPU
		{143E6027-D8A9-0C5C-13D1-7D19F27BA7C7}.Release|Any CPU.ActiveCfg = Release|Any CPU
		{143E6027-D8A9-0C5C-13D1-7D19F27BA7C7}.Release|Any CPU.Build.0 = Release|Any CPU
		{03D8BFE9-086A-C554-C751-0C9DA2D790CA}.Debug|Any CPU.ActiveCfg = Debug|Any CPU
		{03D8BFE9-086A-C554-C751-0C9DA2D790CA}.Debug|Any CPU.Build.0 = Debug|Any CPU
		{03D8BFE9-086A-C554-C751-0C9DA2D790CA}.Release|Any CPU.ActiveCfg = Release|Any CPU
		{03D8BFE9-086A-C554-C751-0C9DA2D790CA}.Release|Any CPU.Build.0 = Release|Any CPU
		{B1F8C78E-7410-55C4-72A8-4E09C2FA3C14}.Debug|Any CPU.ActiveCfg = Debug|Any CPU
		{B1F8C78E-7410-55C4-72A8-4E09C2FA3C14}.Debug|Any CPU.Build.0 = Debug|Any CPU
		{B1F8C78E-7410-55C4-72A8-4E09C2FA3C14}.Release|Any CPU.ActiveCfg = Release|Any CPU
		{B1F8C78E-7410-55C4-72A8-4E09C2FA3C14}.Release|Any CPU.Build.0 = Release|Any CPU
		{95845A59-32AB-166B-9AB0-5B03C7B0FB43}.Debug|Any CPU.ActiveCfg = Debug|Any CPU
		{95845A59-32AB-166B-9AB0-5B03C7B0FB43}.Debug|Any CPU.Build.0 = Debug|Any CPU
		{95845A59-32AB-166B-9AB0-5B03C7B0FB43}.Release|Any CPU.ActiveCfg = Release|Any CPU
		{95845A59-32AB-166B-9AB0-5B03C7B0FB43}.Release|Any CPU.Build.0 = Release|Any CPU
		{86CBD45C-9DD8-771F-7E9A-B0EC89EBCC29}.Debug|Any CPU.ActiveCfg = Debug|Any CPU
		{86CBD45C-9DD8-771F-7E9A-B0EC89EBCC29}.Debug|Any CPU.Build.0 = Debug|Any CPU
		{86CBD45C-9DD8-771F-7E9A-B0EC89EBCC29}.Release|Any CPU.ActiveCfg = Release|Any CPU
		{86CBD45C-9DD8-771F-7E9A-B0EC89EBCC29}.Release|Any CPU.Build.0 = Release|Any CPU
	EndGlobalSection
	GlobalSection(SolutionProperties) = preSolution
		HideSolutionNode = FALSE
	EndGlobalSection
	GlobalSection(NestedProjects) = preSolution
		{D1AD4736-1EF1-12EE-BD20-92243D24A28E} = {0AB3BF05-4346-4AA6-1389-037BE0695223}
		{143E6027-D8A9-0C5C-13D1-7D19F27BA7C7} = {827E0CD3-B72D-47B6-A68D-7590B98EB39B}
		{03D8BFE9-086A-C554-C751-0C9DA2D790CA} = {827E0CD3-B72D-47B6-A68D-7590B98EB39B}
		{B1F8C78E-7410-55C4-72A8-4E09C2FA3C14} = {827E0CD3-B72D-47B6-A68D-7590B98EB39B}
		{95845A59-32AB-166B-9AB0-5B03C7B0FB43} = {827E0CD3-B72D-47B6-A68D-7590B98EB39B}
		{86CBD45C-9DD8-771F-7E9A-B0EC89EBCC29} = {827E0CD3-B72D-47B6-A68D-7590B98EB39B}
	EndGlobalSection
	GlobalSection(ExtensibilityGlobals) = postSolution
		SolutionGuid = {208956B1-5C5B-4CEA-BF0E-99B94C34264C}
	EndGlobalSection
EndGlobal
